
Microsoft Visual Studio Solution File, Format Version 12.00
# Visual Studio Version 16
VisualStudioVersion = 16.0.32228.343
MinimumVisualStudioVersion = 10.0.40219.1
Project("{FAE04EC0-301F-11D3-BF4B-00C04F79EFBC}") = "PhotoFolio", "PhotoFolio\PhotoFolio.csproj", "{789F9D9A-5B90-4C6B-9656-7C7E6BF789CD}"
EndProject
Global
	GlobalSection(SolutionConfigurationPlatforms) = preSolution
		Debug|Any CPU = Debug|Any CPU
		Release|Any CPU = Release|Any CPU
	EndGlobalSection
	GlobalSection(ProjectConfigurationPlatforms) = postSolution
		{789F9D9A-5B90-4C6B-9656-7C7E6BF789CD}.Debug|Any CPU.ActiveCfg = Debug|Any CPU
		{789F9D9A-5B90-4C6B-9656-7C7E6BF789CD}.Debug|Any CPU.Build.0 = Debug|Any CPU
		{789F9D9A-5B90-4C6B-9656-7C7E6BF789CD}.Release|Any CPU.ActiveCfg = Release|Any CPU
		{789F9D9A-5B90-4C6B-9656-7C7E6BF789CD}.Release|Any CPU.Build.0 = Release|Any CPU
	EndGlobalSection
	GlobalSection(SolutionProperties) = preSolution
		HideSolutionNode = FALSE
	EndGlobalSection
	GlobalSection(ExtensibilityGlobals) = postSolution
		SolutionGuid = {6CC51672-69C3-4907-B100-B32020A180E0}
	EndGlobalSection
EndGlobal
